
Microsoft Visual Studio Solution File, Format Version 12.00
# Visual Studio 2013
Project("{FAE04EC0-301F-11D3-BF4B-00C04F79EFBC}") = "UnityVS.QuestionHandler.CSharp", "UnityVS.QuestionHandler.CSharp.csproj", "{DB53378D-1EBF-3E66-B646-08472A18D8C2}"
EndProject
Global
	GlobalSection(SolutionConfigurationPlatforms) = preSolution
		Debug|Any CPU = Debug|Any CPU
		Release|Any CPU = Release|Any CPU
	EndGlobalSection
	GlobalSection(ProjectConfigurationPlatforms) = postSolution
		{DB53378D-1EBF-3E66-B646-08472A18D8C2}.Debug|Any CPU.ActiveCfg = Debug|Any CPU
		{DB53378D-1EBF-3E66-B646-08472A18D8C2}.Debug|Any CPU.Build.0 = Debug|Any CPU
		{DB53378D-1EBF-3E66-B646-08472A18D8C2}.Release|Any CPU.ActiveCfg = Release|Any CPU
		{DB53378D-1EBF-3E66-B646-08472A18D8C2}.Release|Any CPU.Build.0 = Release|Any CPU
	EndGlobalSection
	GlobalSection(SolutionProperties) = preSolution
		HideSolutionNode = FALSE
	EndGlobalSection
EndGlobal
